// !$*UTF8*$!
{
	archiveVersion = 1;
	classes = {
	};
	objectVersion = 56;
	objects = {

/* Begin PBXBuildFile section */
		202768F728FB3BCE008D1EC9 /* notepadApp.swift in Sources */ = {isa = PBXBuildFile; fileRef = 202768F628FB3BCE008D1EC9 /* notepadApp.swift */; };
		202768F928FB3BCE008D1EC9 /* ContentView.swift in Sources */ = {isa = PBXBuildFile; fileRef = 202768F828FB3BCE008D1EC9 /* ContentView.swift */; };
		202768FB28FB3BCF008D1EC9 /* Assets.xcassets in Resources */ = {isa = PBXBuildFile; fileRef = 202768FA28FB3BCF008D1EC9 /* Assets.xcassets */; };
		202768FE28FB3BCF008D1EC9 /* Preview Assets.xcassets in Resources */ = {isa = PBXBuildFile; fileRef = 202768FD28FB3BCF008D1EC9 /* Preview Assets.xcassets */; };
		2027690028FB3BCF008D1EC9 /* Persistence.swift in Sources */ = {isa = PBXBuildFile; fileRef = 202768FF28FB3BCF008D1EC9 /* Persistence.swift */; };
		2027690328FB3BCF008D1EC9 /* notepad.xcdatamodeld in Sources */ = {isa = PBXBuildFile; fileRef = 2027690128FB3BCF008D1EC9 /* notepad.xcdatamodeld */; };
		2027690D28FB3BCF008D1EC9 /* notepadTests.swift in Sources */ = {isa = PBXBuildFile; fileRef = 2027690C28FB3BCF008D1EC9 /* notepadTests.swift */; };
		2027691728FB3BCF008D1EC9 /* notepadUITests.swift in Sources */ = {isa = PBXBuildFile; fileRef = 2027691628FB3BCF008D1EC9 /* notepadUITests.swift */; };
		2027691928FB3BCF008D1EC9 /* notepadUITestsLaunchTests.swift in Sources */ = {isa = PBXBuildFile; fileRef = 2027691828FB3BCF008D1EC9 /* notepadUITestsLaunchTests.swift */; };
/* End PBXBuildFile section */

/* Begin PBXContainerItemProxy section */
		2027690928FB3BCF008D1EC9 /* PBXContainerItemProxy */ = {
			isa = PBXContainerItemProxy;
			containerPortal = 202768EB28FB3BCE008D1EC9 /* Project object */;
			proxyType = 1;
			remoteGlobalIDString = 202768F228FB3BCE008D1EC9;
			remoteInfo = notepad;
		};
		2027691328FB3BCF008D1EC9 /* PBXContainerItemProxy */ = {
			isa = PBXContainerItemProxy;
			containerPortal = 202768EB28FB3BCE008D1EC9 /* Project object */;
			proxyType = 1;
			remoteGlobalIDString = 202768F228FB3BCE008D1EC9;
			remoteInfo = notepad;
		};
/* End PBXContainerItemProxy section */

/* Begin PBXFileReference section */
		202768F328FB3BCE008D1EC9 /* notepad.app */ = {isa = PBXFileReference; explicitFileType = wrapper.application; includeInIndex = 0; path = notepad.app; sourceTree = BUILT_PRODUCTS_DIR; };
		202768F628FB3BCE008D1EC9 /* notepadApp.swift */ = {isa = PBXFileReference; lastKnownFileType = sourcecode.swift; path = notepadApp.swift; sourceTree = "<group>"; };
		202768F828FB3BCE008D1EC9 /* ContentView.swift */ = {isa = PBXFileReference; lastKnownFileType = sourcecode.swift; path = ContentView.swift; sourceTree = "<group>"; };
		202768FA28FB3BCF008D1EC9 /* Assets.xcassets */ = {isa = PBXFileReference; lastKnownFileType = folder.assetcatalog; path = Assets.xcassets; sourceTree = "<group>"; };
		202768FD28FB3BCF008D1EC9 /* Preview Assets.xcassets */ = {isa = PBXFileReference; lastKnownFileType = folder.assetcatalog; path = "Preview Assets.xcassets"; sourceTree = "<group>"; };
		202768FF28FB3BCF008D1EC9 /* Persistence.swift */ = {isa = PBXFileReference; lastKnownFileType = sourcecode.swift; path = Persistence.swift; sourceTree = "<group>"; };
		2027690228FB3BCF008D1EC9 /* notepad.xcdatamodel */ = {isa = PBXFileReference; lastKnownFileType = wrapper.xcdatamodel; path = notepad.xcdatamodel; sourceTree = "<group>"; };
		2027690828FB3BCF008D1EC9 /* notepadTests.xctest */ = {isa = PBXFileReference; explicitFileType = wrapper.cfbundle; includeInIndex = 0; path = notepadTests.xctest; sourceTree = BUILT_PRODUCTS_DIR; };
		2027690C28FB3BCF008D1EC9 /* notepadTests.swift */ = {isa = PBXFileReference; lastKnownFileType = sourcecode.swift; path = notepadTests.swift; sourceTree = "<group>"; };
		2027691228FB3BCF008D1EC9 /* notepadUITests.xctest */ = {isa = PBXFileReference; explicitFileType = wrapper.cfbundle; includeInIndex = 0; path = notepadUITests.xctest; sourceTree = BUILT_PRODUCTS_DIR; };
		2027691628FB3BCF008D1EC9 /* notepadUITests.swift */ = {isa = PBXFileReference; lastKnownFileType = sourcecode.swift; path = notepadUITests.swift; sourceTree = "<group>"; };
		2027691828FB3BCF008D1EC9 /* notepadUITestsLaunchTests.swift */ = {isa = PBXFileReference; lastKnownFileType = sourcecode.swift; path = notepadUITestsLaunchTests.swift; sourceTree = "<group>"; };
/* End PBXFileReference section */

/* Begin PBXFrameworksBuildPhase section */
		202768F028FB3BCE008D1EC9 /* Frameworks */ = {
			isa = PBXFrameworksBuildPhase;
			buildActionMask = 2147483647;
			files = (
			);
			runOnlyForDeploymentPostprocessing = 0;
		};
		2027690528FB3BCF008D1EC9 /* Frameworks */ = {
			isa = PBXFrameworksBuildPhase;
			buildActionMask = 2147483647;
			files = (
			);
			runOnlyForDeploymentPostprocessing = 0;
		};
		2027690F28FB3BCF008D1EC9 /* Frameworks */ = {
			isa = PBXFrameworksBuildPhase;
			buildActionMask = 2147483647;
			files = (
			);
			runOnlyForDeploymentPostprocessing = 0;
		};
/* End PBXFrameworksBuildPhase section */

/* Begin PBXGroup section */
		202768EA28FB3BCE008D1EC9 = {
			isa = PBXGroup;
			children = (
				202768F528FB3BCE008D1EC9 /* notepad */,
				2027690B28FB3BCF008D1EC9 /* notepadTests */,
				2027691528FB3BCF008D1EC9 /* notepadUITests */,
				202768F428FB3BCE008D1EC9 /* Products */,
			);
			sourceTree = "<group>";
		};
		202768F428FB3BCE008D1EC9 /* Products */ = {
			isa = PBXGroup;
			children = (
				202768F328FB3BCE008D1EC9 /* notepad.app */,
				2027690828FB3BCF008D1EC9 /* notepadTests.xctest */,
				2027691228FB3BCF008D1EC9 /* notepadUITests.xctest */,
			);
			name = Products;
			sourceTree = "<group>";
		};
		202768F528FB3BCE008D1EC9 /* notepad */ = {
			isa = PBXGroup;
			children = (
				202768F628FB3BCE008D1EC9 /* notepadApp.swift */,
				202768F828FB3BCE008D1EC9 /* ContentView.swift */,
				202768FA28FB3BCF008D1EC9 /* Assets.xcassets */,
				202768FF28FB3BCF008D1EC9 /* Persistence.swift */,
				2027690128FB3BCF008D1EC9 /* notepad.xcdatamodeld */,
				202768FC28FB3BCF008D1EC9 /* Preview Content */,
			);
			path = notepad;
			sourceTree = "<group>";
		};
		202768FC28FB3BCF008D1EC9 /* Preview Content */ = {
			isa = PBXGroup;
			children = (
				202768FD28FB3BCF008D1EC9 /* Preview Assets.xcassets */,
			);
			path = "Preview Content";
			sourceTree = "<group>";
		};
		2027690B28FB3BCF008D1EC9 /* notepadTests */ = {
			isa = PBXGroup;
			children = (
				2027690C28FB3BCF008D1EC9 /* notepadTests.swift */,
			);
			path = notepadTests;
			sourceTree = "<group>";
		};
		2027691528FB3BCF008D1EC9 /* notepadUITests */ = {
			isa = PBXGroup;
			children = (
				2027691628FB3BCF008D1EC9 /* notepadUITests.swift */,
				2027691828FB3BCF008D1EC9 /* notepadUITestsLaunchTests.swift */,
			);
			path = notepadUITests;
			sourceTree = "<group>";
		};
/* End PBXGroup section */

/* Begin PBXNativeTarget section */
		202768F228FB3BCE008D1EC9 /* notepad */ = {
			isa = PBXNativeTarget;
			buildConfigurationList = 2027691C28FB3BCF008D1EC9 /* Build configuration list for PBXNativeTarget "notepad" */;
			buildPhases = (
				202768EF28FB3BCE008D1EC9 /* Sources */,
				202768F028FB3BCE008D1EC9 /* Frameworks */,
				202768F128FB3BCE008D1EC9 /* Resources */,
			);
			buildRules = (
			);
			dependencies = (
			);
			name = notepad;
			productName = notepad;
			productReference = 202768F328FB3BCE008D1EC9 /* notepad.app */;
			productType = "com.apple.product-type.application";
		};
		2027690728FB3BCF008D1EC9 /* notepadTests */ = {
			isa = PBXNativeTarget;
			buildConfigurationList = 2027691F28FB3BCF008D1EC9 /* Build configuration list for PBXNativeTarget "notepadTests" */;
			buildPhases = (
				2027690428FB3BCF008D1EC9 /* Sources */,
				2027690528FB3BCF008D1EC9 /* Frameworks */,
				2027690628FB3BCF008D1EC9 /* Resources */,
			);
			buildRules = (
			);
			dependencies = (
				2027690A28FB3BCF008D1EC9 /* PBXTargetDependency */,
			);
			name = notepadTests;
			productName = notepadTests;
			productReference = 2027690828FB3BCF008D1EC9 /* notepadTests.xctest */;
			productType = "com.apple.product-type.bundle.unit-test";
		};
		2027691128FB3BCF008D1EC9 /* notepadUITests */ = {
			isa = PBXNativeTarget;
			buildConfigurationList = 2027692228FB3BCF008D1EC9 /* Build configuration list for PBXNativeTarget "notepadUITests" */;
			buildPhases = (
				2027690E28FB3BCF008D1EC9 /* Sources */,
				2027690F28FB3BCF008D1EC9 /* Frameworks */,
				2027691028FB3BCF008D1EC9 /* Resources */,
			);
			buildRules = (
			);
			dependencies = (
				2027691428FB3BCF008D1EC9 /* PBXTargetDependency */,
			);
			name = notepadUITests;
			productName = notepadUITests;
			productReference = 2027691228FB3BCF008D1EC9 /* notepadUITests.xctest */;
			productType = "com.apple.product-type.bundle.ui-testing";
		};
/* End PBXNativeTarget section */

/* Begin PBXProject section */
		202768EB28FB3BCE008D1EC9 /* Project object */ = {
			isa = PBXProject;
			attributes = {
				BuildIndependentTargetsInParallel = 1;
				LastSwiftUpdateCheck = 1400;
				LastUpgradeCheck = 1400;
				TargetAttributes = {
					202768F228FB3BCE008D1EC9 = {
						CreatedOnToolsVersion = 14.0.1;
					};
					2027690728FB3BCF008D1EC9 = {
						CreatedOnToolsVersion = 14.0.1;
						TestTargetID = 202768F228FB3BCE008D1EC9;
					};
					2027691128FB3BCF008D1EC9 = {
						CreatedOnToolsVersion = 14.0.1;
						TestTargetID = 202768F228FB3BCE008D1EC9;
					};
				};
			};
			buildConfigurationList = 202768EE28FB3BCE008D1EC9 /* Build configuration list for PBXProject "notepad" */;
			compatibilityVersion = "Xcode 14.0";
			developmentRegion = en;
			hasScannedForEncodings = 0;
			knownRegions = (
				en,
				Base,
			);
			mainGroup = 202768EA28FB3BCE008D1EC9;
			productRefGroup = 202768F428FB3BCE008D1EC9 /* Products */;
			projectDirPath = "";
			projectRoot = "";
			targets = (
				202768F228FB3BCE008D1EC9 /* notepad */,
				2027690728FB3BCF008D1EC9 /* notepadTests */,
				2027691128FB3BCF008D1EC9 /* notepadUITests */,
			);
		};
/* End PBXProject section */

/* Begin PBXResourcesBuildPhase section */
		202768F128FB3BCE008D1EC9 /* Resources */ = {
			isa = PBXResourcesBuildPhase;
			buildActionMask = 2147483647;
			files = (
				202768FE28FB3BCF008D1EC9 /* Preview Assets.xcassets in Resources */,
				202768FB28FB3BCF008D1EC9 /* Assets.xcassets in Resources */,
			);
			runOnlyForDeploymentPostprocessing = 0;
		};
		2027690628FB3BCF008D1EC9 /* Resources */ = {
			isa = PBXResourcesBuildPhase;
			buildActionMask = 2147483647;
			files = (
			);
			runOnlyForDeploymentPostprocessing = 0;
		};
		2027691028FB3BCF008D1EC9 /* Resources */ = {
			isa = PBXResourcesBuildPhase;
			buildActionMask = 2147483647;
			files = (
			);
			runOnlyForDeploymentPostprocessing = 0;
		};
/* End PBXResourcesBuildPhase section */

/* Begin PBXSourcesBuildPhase section */
		202768EF28FB3BCE008D1EC9 /* Sources */ = {
			isa = PBXSourcesBuildPhase;
			buildActionMask = 2147483647;
			files = (
				2027690028FB3BCF008D1EC9 /* Persistence.swift in Sources */,
				202768F928FB3BCE008D1EC9 /* ContentView.swift in Sources */,
				202768F728FB3BCE008D1EC9 /* notepadApp.swift in Sources */,
				2027690328FB3BCF008D1EC9 /* notepad.xcdatamodeld in Sources */,
			);
			runOnlyForDeploymentPostprocessing = 0;
		};
		2027690428FB3BCF008D1EC9 /* Sources */ = {
			isa = PBXSourcesBuildPhase;
			buildActionMask = 2147483647;
			files = (
				2027690D28FB3BCF008D1EC9 /* notepadTests.swift in Sources */,
			);
			runOnlyForDeploymentPostprocessing = 0;
		};
		2027690E28FB3BCF008D1EC9 /* Sources */ = {
			isa = PBXSourcesBuildPhase;
			buildActionMask = 2147483647;
			files = (
				2027691928FB3BCF008D1EC9 /* notepadUITestsLaunchTests.swift in Sources */,
				2027691728FB3BCF008D1EC9 /* notepadUITests.swift in Sources */,
			);
			runOnlyForDeploymentPostprocessing = 0;
		};
/* End PBXSourcesBuildPhase section */

/* Begin PBXTargetDependency section */
		2027690A28FB3BCF008D1EC9 /* PBXTargetDependency */ = {
			isa = PBXTargetDependency;
			target = 202768F228FB3BCE008D1EC9 /* notepad */;
			targetProxy = 2027690928FB3BCF008D1EC9 /* PBXContainerItemProxy */;
		};
		2027691428FB3BCF008D1EC9 /* PBXTargetDependency */ = {
			isa = PBXTargetDependency;
			target = 202768F228FB3BCE008D1EC9 /* notepad */;
			targetProxy = 2027691328FB3BCF008D1EC9 /* PBXContainerItemProxy */;
		};
/* End PBXTargetDependency section */

/* Begin XCBuildConfiguration section */
		2027691A28FB3BCF008D1EC9 /* Debug */ = {
			isa = XCBuildConfiguration;
			buildSettings = {
				ALWAYS_SEARCH_USER_PATHS = NO;
				CLANG_ANALYZER_NONNULL = YES;
				CLANG_ANALYZER_NUMBER_OBJECT_CONVERSION = YES_AGGRESSIVE;
				CLANG_CXX_LANGUAGE_STANDARD = "gnu++20";
				CLANG_ENABLE_MODULES = YES;
				CLANG_ENABLE_OBJC_ARC = YES;
				CLANG_ENABLE_OBJC_WEAK = YES;
				CLANG_WARN_BLOCK_CAPTURE_AUTORELEASING = YES;
				CLANG_WARN_BOOL_CONVERSION = YES;
				CLANG_WARN_COMMA = YES;
				CLANG_WARN_CONSTANT_CONVERSION = YES;
				CLANG_WARN_DEPRECATED_OBJC_IMPLEMENTATIONS = YES;
				CLANG_WARN_DIRECT_OBJC_ISA_USAGE = YES_ERROR;
				CLANG_WARN_DOCUMENTATION_COMMENTS = YES;
				CLANG_WARN_EMPTY_BODY = YES;
				CLANG_WARN_ENUM_CONVERSION = YES;
				CLANG_WARN_INFINITE_RECURSION = YES;
				CLANG_WARN_INT_CONVERSION = YES;
				CLANG_WARN_NON_LITERAL_NULL_CONVERSION = YES;
				CLANG_WARN_OBJC_IMPLICIT_RETAIN_SELF = YES;
				CLANG_WARN_OBJC_LITERAL_CONVERSION = YES;
				CLANG_WARN_OBJC_ROOT_CLASS = YES_ERROR;
				CLANG_WARN_QUOTED_INCLUDE_IN_FRAMEWORK_HEADER = YES;
				CLANG_WARN_RANGE_LOOP_ANALYSIS = YES;
				CLANG_WARN_STRICT_PROTOTYPES = YES;
				CLANG_WARN_SUSPICIOUS_MOVE = YES;
				CLANG_WARN_UNGUARDED_AVAILABILITY = YES_AGGRESSIVE;
				CLANG_WARN_UNREACHABLE_CODE = YES;
				CLANG_WARN__DUPLICATE_METHOD_MATCH = YES;
				COPY_PHASE_STRIP = NO;
				DEBUG_INFORMATION_FORMAT = dwarf;
				ENABLE_STRICT_OBJC_MSGSEND = YES;
				ENABLE_TESTABILITY = YES;
				GCC_C_LANGUAGE_STANDARD = gnu11;
				GCC_DYNAMIC_NO_PIC = NO;
				GCC_NO_COMMON_BLOCKS = YES;
				GCC_OPTIMIZATION_LEVEL = 0;
				GCC_PREPROCESSOR_DEFINITIONS = (
					"DEBUG=1",
					"$(inherited)",
				);
				GCC_WARN_64_TO_32_BIT_CONVERSION = YES;
				GCC_WARN_ABOUT_RETURN_TYPE = YES_ERROR;
				GCC_WARN_UNDECLARED_SELECTOR = YES;
				GCC_WARN_UNINITIALIZED_AUTOS = YES_AGGRESSIVE;
				GCC_WARN_UNUSED_FUNCTION = YES;
				GCC_WARN_UNUSED_VARIABLE = YES;
				IPHONEOS_DEPLOYMENT_TARGET = 16.0;
				MTL_ENABLE_DEBUG_INFO = INCLUDE_SOURCE;
				MTL_FAST_MATH = YES;
				ONLY_ACTIVE_ARCH = YES;
				SDKROOT = iphoneos;
				SWIFT_ACTIVE_COMPILATION_CONDITIONS = DEBUG;
				SWIFT_OPTIMIZATION_LEVEL = "-Onone";
			};
			name = Debug;
		};
		2027691B28FB3BCF008D1EC9 /* Release */ = {
			isa = XCBuildConfiguration;
			buildSettings = {
				ALWAYS_SEARCH_USER_PATHS = NO;
				CLANG_ANALYZER_NONNULL = YES;
				CLANG_ANALYZER_NUMBER_OBJECT_CONVERSION = YES_AGGRESSIVE;
				CLANG_CXX_LANGUAGE_STANDARD = "gnu++20";
				CLANG_ENABLE_MODULES = YES;
				CLANG_ENABLE_OBJC_ARC = YES;
				CLANG_ENABLE_OBJC_WEAK = YES;
				CLANG_WARN_BLOCK_CAPTURE_AUTORELEASING = YES;
				CLANG_WARN_BOOL_CONVERSION = YES;
				CLANG_WARN_COMMA = YES;
				CLANG_WARN_CONSTANT_CONVERSION = YES;
				CLANG_WARN_DEPRECATED_OBJC_IMPLEMENTATIONS = YES;
				CLANG_WARN_DIRECT_OBJC_ISA_USAGE = YES_ERROR;
				CLANG_WARN_DOCUMENTATION_COMMENTS = YES;
				CLANG_WARN_EMPTY_BODY = YES;
				CLANG_WARN_ENUM_CONVERSION = YES;
				CLANG_WARN_INFINITE_RECURSION = YES;
				CLANG_WARN_INT_CONVERSION = YES;
				CLANG_WARN_NON_LITERAL_NULL_CONVERSION = YES;
				CLANG_WARN_OBJC_IMPLICIT_RETAIN_SELF = YES;
				CLANG_WARN_OBJC_LITERAL_CONVERSION = YES;
				CLANG_WARN_OBJC_ROOT_CLASS = YES_ERROR;
				CLANG_WARN_QUOTED_INCLUDE_IN_FRAMEWORK_HEADER = YES;
				CLANG_WARN_RANGE_LOOP_ANALYSIS = YES;
				CLANG_WARN_STRICT_PROTOTYPES = YES;
				CLANG_WARN_SUSPICIOUS_MOVE = YES;
				CLANG_WARN_UNGUARDED_AVAILABILITY = YES_AGGRESSIVE;
				CLANG_WARN_UNREACHABLE_CODE = YES;
				CLANG_WARN__DUPLICATE_METHOD_MATCH = YES;
				COPY_PHASE_STRIP = NO;
				DEBUG_INFORMATION_FORMAT = "dwarf-with-dsym";
				ENABLE_NS_ASSERTIONS = NO;
				ENABLE_STRICT_OBJC_MSGSEND = YES;
				GCC_C_LANGUAGE_STANDARD = gnu11;
				GCC_NO_COMMON_BLOCKS = YES;
				GCC_WARN_64_TO_32_BIT_CONVERSION = YES;
				GCC_WARN_ABOUT_RETURN_TYPE = YES_ERROR;
				GCC_WARN_UNDECLARED_SELECTOR = YES;
				GCC_WARN_UNINITIALIZED_AUTOS = YES_AGGRESSIVE;
				GCC_WARN_UNUSED_FUNCTION = YES;
				GCC_WARN_UNUSED_VARIABLE = YES;
				IPHONEOS_DEPLOYMENT_TARGET = 16.0;
				MTL_ENABLE_DEBUG_INFO = NO;
				MTL_FAST_MATH = YES;
				SDKROOT = iphoneos;
				SWIFT_COMPILATION_MODE = wholemodule;
				SWIFT_OPTIMIZATION_LEVEL = "-O";
				VALIDATE_PRODUCT = YES;
			};
			name = Release;
		};
		2027691D28FB3BCF008D1EC9 /* Debug */ = {
			isa = XCBuildConfiguration;
			buildSettings = {
				ASSETCATALOG_COMPILER_APPICON_NAME = AppIcon;
				ASSETCATALOG_COMPILER_GLOBAL_ACCENT_COLOR_NAME = AccentColor;
				CODE_SIGN_STYLE = Automatic;
				CURRENT_PROJECT_VERSION = 1;
				DEVELOPMENT_ASSET_PATHS = "\"notepad/Preview Content\"";
				DEVELOPMENT_TEAM = TH3R22Z883;
				ENABLE_PREVIEWS = YES;
				GENERATE_INFOPLIST_FILE = YES;
				INFOPLIST_KEY_UIApplicationSceneManifest_Generation = YES;
				INFOPLIST_KEY_UIApplicationSupportsIndirectInputEvents = YES;
				INFOPLIST_KEY_UILaunchScreen_Generation = YES;
				INFOPLIST_KEY_UISupportedInterfaceOrientations_iPad = "UIInterfaceOrientationPortrait UIInterfaceOrientationPortraitUpsideDown UIInterfaceOrientationLandscapeLeft UIInterfaceOrientationLandscapeRight";
				INFOPLIST_KEY_UISupportedInterfaceOrientations_iPhone = "UIInterfaceOrientationPortrait UIInterfaceOrientationLandscapeLeft UIInterfaceOrientationLandscapeRight";
				LD_RUNPATH_SEARCH_PATHS = (
					"$(inherited)",
					"@executable_path/Frameworks",
				);
				MARKETING_VERSION = 1.0;
				PRODUCT_BUNDLE_IDENTIFIER = com.hicret.wordltraveler.notepad;
				PRODUCT_NAME = "$(TARGET_NAME)";
				SWIFT_EMIT_LOC_STRINGS = YES;
				SWIFT_VERSION = 5.0;
				TARGETED_DEVICE_FAMILY = "1,2";
			};
			name = Debug;
		};
		2027691E28FB3BCF008D1EC9 /* Release */ = {
			isa = XCBuildConfiguration;
			buildSettings = {
				ASSETCATALOG_COMPILER_APPICON_NAME = AppIcon;
				ASSETCATALOG_COMPILER_GLOBAL_ACCENT_COLOR_NAME = AccentColor;
				CODE_SIGN_STYLE = Automatic;
				CURRENT_PROJECT_VERSION = 1;
				DEVELOPMENT_ASSET_PATHS = "\"notepad/Preview Content\"";
				DEVELOPMENT_TEAM = TH3R22Z883;
				ENABLE_PREVIEWS = YES;
				GENERATE_INFOPLIST_FILE = YES;
				INFOPLIST_KEY_UIApplicationSceneManifest_Generation = YES;
				INFOPLIST_KEY_UIApplicationSupportsIndirectInputEvents = YES;
				INFOPLIST_KEY_UILaunchScreen_Generation = YES;
				INFOPLIST_KEY_UISupportedInterfaceOrientations_iPad = "UIInterfaceOrientationPortrait UIInterfaceOrientationPortraitUpsideDown UIInterfaceOrientationLandscapeLeft UIInterfaceOrientationLandscapeRight";
				INFOPLIST_KEY_UISupportedInterfaceOrientations_iPhone = "UIInterfaceOrientationPortrait UIInterfaceOrientationLandscapeLeft UIInterfaceOrientationLandscapeRight";
				LD_RUNPATH_SEARCH_PATHS = (
					"$(inherited)",
					"@executable_path/Frameworks",
				);
				MARKETING_VERSION = 1.0;
				PRODUCT_BUNDLE_IDENTIFIER = com.hicret.wordltraveler.notepad;
				PRODUCT_NAME = "$(TARGET_NAME)";
				SWIFT_EMIT_LOC_STRINGS = YES;
				SWIFT_VERSION = 5.0;
				TARGETED_DEVICE_FAMILY = "1,2";
			};
			name = Release;
		};
		2027692028FB3BCF008D1EC9 /* Debug */ = {
			isa = XCBuildConfiguration;
			buildSettings = {
				ALWAYS_EMBED_SWIFT_STANDARD_LIBRARIES = YES;
				BUNDLE_LOADER = "$(TEST_HOST)";
				CODE_SIGN_STYLE = Automatic;
				CURRENT_PROJECT_VERSION = 1;
				DEVELOPMENT_TEAM = TH3R22Z883;
				GENERATE_INFOPLIST_FILE = YES;
				IPHONEOS_DEPLOYMENT_TARGET = 16.0;
				MARKETING_VERSION = 1.0;
				PRODUCT_BUNDLE_IDENTIFIER = com.hicret.wordltraveler.notepadTests;
				PRODUCT_NAME = "$(TARGET_NAME)";
				SWIFT_EMIT_LOC_STRINGS = NO;
				SWIFT_VERSION = 5.0;
				TARGETED_DEVICE_FAMILY = "1,2";
				TEST_HOST = "$(BUILT_PRODUCTS_DIR)/notepad.app/$(BUNDLE_EXECUTABLE_FOLDER_PATH)/notepad";
			};
			name = Debug;
		};
		2027692128FB3BCF008D1EC9 /* Release */ = {
			isa = XCBuildConfiguration;
			buildSettings = {
				ALWAYS_EMBED_SWIFT_STANDARD_LIBRARIES = YES;
				BUNDLE_LOADER = "$(TEST_HOST)";
				CODE_SIGN_STYLE = Automatic;
				CURRENT_PROJECT_VERSION = 1;
				DEVELOPMENT_TEAM = TH3R22Z883;
				GENERATE_INFOPLIST_FILE = YES;
				IPHONEOS_DEPLOYMENT_TARGET = 16.0;
				MARKETING_VERSION = 1.0;
				PRODUCT_BUNDLE_IDENTIFIER = com.hicret.wordltraveler.notepadTests;
				PRODUCT_NAME = "$(TARGET_NAME)";
				SWIFT_EMIT_LOC_STRINGS = NO;
				SWIFT_VERSION = 5.0;
				TARGETED_DEVICE_FAMILY = "1,2";
				TEST_HOST = "$(BUILT_PRODUCTS_DIR)/notepad.app/$(BUNDLE_EXECUTABLE_FOLDER_PATH)/notepad";
			};
			name = Release;
		};
		2027692328FB3BCF008D1EC9 /* Debug */ = {
			isa = XCBuildConfiguration;
			buildSettings = {
				ALWAYS_EMBED_SWIFT_STANDARD_LIBRARIES = YES;
				CODE_SIGN_STYLE = Automatic;
				CURRENT_PROJECT_VERSION = 1;
				DEVELOPMENT_TEAM = TH3R22Z883;
				GENERATE_INFOPLIST_FILE = YES;
				MARKETING_VERSION = 1.0;
				PRODUCT_BUNDLE_IDENTIFIER = com.hicret.wordltraveler.notepadUITests;
				PRODUCT_NAME = "$(TARGET_NAME)";
				SWIFT_EMIT_LOC_STRINGS = NO;
				SWIFT_VERSION = 5.0;
				TARGETED_DEVICE_FAMILY = "1,2";
				TEST_TARGET_NAME = notepad;
			};
			name = Debug;
		};
		2027692428FB3BCF008D1EC9 /* Release */ = {
			isa = XCBuildConfiguration;
			buildSettings = {
				ALWAYS_EMBED_SWIFT_STANDARD_LIBRARIES = YES;
				CODE_SIGN_STYLE = Automatic;
				CURRENT_PROJECT_VERSION = 1;
				DEVELOPMENT_TEAM = TH3R22Z883;
				GENERATE_INFOPLIST_FILE = YES;
				MARKETING_VERSION = 1.0;
				PRODUCT_BUNDLE_IDENTIFIER = com.hicret.wordltraveler.notepadUITests;
				PRODUCT_NAME = "$(TARGET_NAME)";
				SWIFT_EMIT_LOC_STRINGS = NO;
				SWIFT_VERSION = 5.0;
				TARGETED_DEVICE_FAMILY = "1,2";
				TEST_TARGET_NAME = notepad;
			};
			name = Release;
		};
/* End XCBuildConfiguration section */

/* Begin XCConfigurationList section */
		202768EE28FB3BCE008D1EC9 /* Build configuration list for PBXProject "notepad" */ = {
			isa = XCConfigurationList;
			buildConfigurations = (
				2027691A28FB3BCF008D1EC9 /* Debug */,
				2027691B28FB3BCF008D1EC9 /* Release */,
			);
			defaultConfigurationIsVisible = 0;
			defaultConfigurationName = Release;
		};
		2027691C28FB3BCF008D1EC9 /* Build configuration list for PBXNativeTarget "notepad" */ = {
			isa = XCConfigurationList;
			buildConfigurations = (
				2027691D28FB3BCF008D1EC9 /* Debug */,
				2027691E28FB3BCF008D1EC9 /* Release */,
			);
			defaultConfigurationIsVisible = 0;
			defaultConfigurationName = Release;
		};
		2027691F28FB3BCF008D1EC9 /* Build configuration list for PBXNativeTarget "notepadTests" */ = {
			isa = XCConfigurationList;
			buildConfigurations = (
				2027692028FB3BCF008D1EC9 /* Debug */,
				2027692128FB3BCF008D1EC9 /* Release */,
			);
			defaultConfigurationIsVisible = 0;
			defaultConfigurationName = Release;
		};
		2027692228FB3BCF008D1EC9 /* Build configuration list for PBXNativeTarget "notepadUITests" */ = {
			isa = XCConfigurationList;
			buildConfigurations = (
				2027692328FB3BCF008D1EC9 /* Debug */,
				2027692428FB3BCF008D1EC9 /* Release */,
			);
			defaultConfigurationIsVisible = 0;
			defaultConfigurationName = Release;
		};
/* End XCConfigurationList section */

/* Begin XCVersionGroup section */
		2027690128FB3BCF008D1EC9 /* notepad.xcdatamodeld */ = {
			isa = XCVersionGroup;
			children = (
				2027690228FB3BCF008D1EC9 /* notepad.xcdatamodel */,
			);
			currentVersion = 2027690228FB3BCF008D1EC9 /* notepad.xcdatamodel */;
			path = notepad.xcdatamodeld;
			sourceTree = "<group>";
			versionGroupType = wrapper.xcdatamodel;
		};
/* End XCVersionGroup section */
	};
	rootObject = 202768EB28FB3BCE008D1EC9 /* Project object */;
}
